
Microsoft Visual Studio Solution File, Format Version 12.00
# Visual Studio Version 17
VisualStudioVersion = 17.3.32804.467
MinimumVisualStudioVersion = 10.0.40219.1
Project("{2150E333-8FDC-42A3-9474-1A3956D46DE8}") = "SolutionsItems", "SolutionsItems", "{17F40608-071A-4C0F-AE5C-D679ACC71475}"
	ProjectSection(SolutionItems) = preProject
		Ports.txt = Ports.txt
	EndProjectSection
EndProject
Project("{2150E333-8FDC-42A3-9474-1A3956D46DE8}") = "Gateways", "Gateways", "{F111823C-582B-4D11-A48E-F7ABCDCEA4AB}"
EndProject
Project("{2150E333-8FDC-42A3-9474-1A3956D46DE8}") = "IdentityServer", "IdentityServer", "{9826BD7E-9044-4780-B165-5C1BC4C2493A}"
EndProject
Project("{2150E333-8FDC-42A3-9474-1A3956D46DE8}") = "Services", "Services", "{5EB9D9DD-06E6-40A4-84C4-AFC9BE7CD41F}"
EndProject
Project("{2150E333-8FDC-42A3-9474-1A3956D46DE8}") = "Shared", "Shared", "{10643046-3FBB-425A-A21A-EF428E6B048A}"
EndProject
Project("{2150E333-8FDC-42A3-9474-1A3956D46DE8}") = "Frontends", "Frontends", "{147F40EE-58F9-4CE2-B7F6-016C57ECE179}"
EndProject
Project("{2150E333-8FDC-42A3-9474-1A3956D46DE8}") = "Product", "Product", "{8CE3808D-A050-44DE-A29F-6FA45AD42ABE}"
EndProject
Project("{2150E333-8FDC-42A3-9474-1A3956D46DE8}") = "Category", "Category", "{75D248DD-8115-44DA-B347-43433E676BCE}"
EndProject
Project("{2150E333-8FDC-42A3-9474-1A3956D46DE8}") = "Order", "Order", "{723110C0-BD0B-4940-8725-E98590AFC84E}"
EndProject
Project("{2150E333-8FDC-42A3-9474-1A3956D46DE8}") = "Basket", "Basket", "{D8A0DB1D-89C3-4EE6-8073-94F7D002C5BA}"
EndProject
Project("{2150E333-8FDC-42A3-9474-1A3956D46DE8}") = "Discount", "Discount", "{23BBF893-D298-4905-AFDA-51EFF5CFF33A}"
EndProject
Project("{2150E333-8FDC-42A3-9474-1A3956D46DE8}") = "Payment", "Payment", "{76330F71-EC91-48DD-80C8-D82FF9C72D9B}"
EndProject
Project("{2150E333-8FDC-42A3-9474-1A3956D46DE8}") = "Base", "Base", "{A22B8FCB-F914-4D9D-9754-05B1AB5F1584}"
EndProject
Project("{9A19103F-16F7-4668-BE54-9A1E7A4F7556}") = "EC.Services.Base", "Services\Base\EC.Services.Base\EC.Services.Base.csproj", "{9CA9B767-9CCC-4161-B4CA-A1D57CC597DE}"
EndProject
Project("{9A19103F-16F7-4668-BE54-9A1E7A4F7556}") = "EC.Services.Basket", "Services\Basket\EC.Services.Basket\EC.Services.Basket.csproj", "{4D30777D-1FF3-40C9-AD89-6B29F4F7D0C6}"
EndProject
Project("{9A19103F-16F7-4668-BE54-9A1E7A4F7556}") = "EC.Services.Category", "Services\Category\EC.Services.Category\EC.Services.Category.csproj", "{35138148-6612-4C74-B299-F1CF6AC20096}"
EndProject
Project("{9A19103F-16F7-4668-BE54-9A1E7A4F7556}") = "EC.Services.Discount", "Services\Discount\EC.Services.Discount\EC.Services.Discount.csproj", "{C58A5F0C-F728-4B97-B62C-93D70820E988}"
EndProject
Project("{9A19103F-16F7-4668-BE54-9A1E7A4F7556}") = "EC.Services.Order", "Services\Order\EC.Services.Order\EC.Services.Order.csproj", "{A7348735-11AA-4FD0-9989-868AC6202D7C}"
EndProject
Project("{9A19103F-16F7-4668-BE54-9A1E7A4F7556}") = "EC.Services.Payment", "Services\Payment\EC.Services.Payment\EC.Services.Payment.csproj", "{67B341FC-0C7A-4233-AE8C-3746580517C7}"
EndProject
Project("{9A19103F-16F7-4668-BE54-9A1E7A4F7556}") = "EC.Services.Product", "Services\Product\EC.Services.Product\EC.Services.Product.csproj", "{D46443A7-F5EF-4512-A753-DE937CE9F423}"
EndProject
Project("{9A19103F-16F7-4668-BE54-9A1E7A4F7556}") = "EC.IdentityServer", "IdentityServer\EC.IdentityServer\EC.IdentityServer.csproj", "{24E82737-EF79-4B86-A824-1BD8A0CA2EF7}"
EndProject
Project("{9A19103F-16F7-4668-BE54-9A1E7A4F7556}") = "EC.Gateway", "Gateway\EC.Gateway\EC.Gateway.csproj", "{A56442D8-F1BB-49E4-878E-18E5FF8A9E4B}"
EndProject
Project("{9A19103F-16F7-4668-BE54-9A1E7A4F7556}") = "EC.WebApp", "Frontends\EC.WebApp\EC.WebApp.csproj", "{EFD82575-947F-431F-BCC7-941F5A8D1A40}"
EndProject
Project("{FAE04EC0-301F-11D3-BF4B-00C04F79EFBC}") = "Shared", "Shared\Shared\Shared.csproj", "{E412C0C0-B75D-4700-BBB9-FC1A41347314}"
EndProject
Global
	GlobalSection(SolutionConfigurationPlatforms) = preSolution
		Debug|Any CPU = Debug|Any CPU
		Release|Any CPU = Release|Any CPU
	EndGlobalSection
	GlobalSection(ProjectConfigurationPlatforms) = postSolution
		{9CA9B767-9CCC-4161-B4CA-A1D57CC597DE}.Debug|Any CPU.ActiveCfg = Debug|Any CPU
		{9CA9B767-9CCC-4161-B4CA-A1D57CC597DE}.Debug|Any CPU.Build.0 = Debug|Any CPU
		{9CA9B767-9CCC-4161-B4CA-A1D57CC597DE}.Release|Any CPU.ActiveCfg = Release|Any CPU
		{9CA9B767-9CCC-4161-B4CA-A1D57CC597DE}.Release|Any CPU.Build.0 = Release|Any CPU
		{4D30777D-1FF3-40C9-AD89-6B29F4F7D0C6}.Debug|Any CPU.ActiveCfg = Debug|Any CPU
		{4D30777D-1FF3-40C9-AD89-6B29F4F7D0C6}.Debug|Any CPU.Build.0 = Debug|Any CPU
		{4D30777D-1FF3-40C9-AD89-6B29F4F7D0C6}.Release|Any CPU.ActiveCfg = Release|Any CPU
		{4D30777D-1FF3-40C9-AD89-6B29F4F7D0C6}.Release|Any CPU.Build.0 = Release|Any CPU
		{35138148-6612-4C74-B299-F1CF6AC20096}.Debug|Any CPU.ActiveCfg = Debug|Any CPU
		{35138148-6612-4C74-B299-F1CF6AC20096}.Debug|Any CPU.Build.0 = Debug|Any CPU
		{35138148-6612-4C74-B299-F1CF6AC20096}.Release|Any CPU.ActiveCfg = Release|Any CPU
		{35138148-6612-4C74-B299-F1CF6AC20096}.Release|Any CPU.Build.0 = Release|Any CPU
		{C58A5F0C-F728-4B97-B62C-93D70820E988}.Debug|Any CPU.ActiveCfg = Debug|Any CPU
		{C58A5F0C-F728-4B97-B62C-93D70820E988}.Debug|Any CPU.Build.0 = Debug|Any CPU
		{C58A5F0C-F728-4B97-B62C-93D70820E988}.Release|Any CPU.ActiveCfg = Release|Any CPU
		{C58A5F0C-F728-4B97-B62C-93D70820E988}.Release|Any CPU.Build.0 = Release|Any CPU
		{A7348735-11AA-4FD0-9989-868AC6202D7C}.Debug|Any CPU.ActiveCfg = Debug|Any CPU
		{A7348735-11AA-4FD0-9989-868AC6202D7C}.Debug|Any CPU.Build.0 = Debug|Any CPU
		{A7348735-11AA-4FD0-9989-868AC6202D7C}.Release|Any CPU.ActiveCfg = Release|Any CPU
		{A7348735-11AA-4FD0-9989-868AC6202D7C}.Release|Any CPU.Build.0 = Release|Any CPU
		{67B341FC-0C7A-4233-AE8C-3746580517C7}.Debug|Any CPU.ActiveCfg = Debug|Any CPU
		{67B341FC-0C7A-4233-AE8C-3746580517C7}.Debug|Any CPU.Build.0 = Debug|Any CPU
		{67B341FC-0C7A-4233-AE8C-3746580517C7}.Release|Any CPU.ActiveCfg = Release|Any CPU
		{67B341FC-0C7A-4233-AE8C-3746580517C7}.Release|Any CPU.Build.0 = Release|Any CPU
		{D46443A7-F5EF-4512-A753-DE937CE9F423}.Debug|Any CPU.ActiveCfg = Debug|Any CPU
		{D46443A7-F5EF-4512-A753-DE937CE9F423}.Debug|Any CPU.Build.0 = Debug|Any CPU
		{D46443A7-F5EF-4512-A753-DE937CE9F423}.Release|Any CPU.ActiveCfg = Release|Any CPU
		{D46443A7-F5EF-4512-A753-DE937CE9F423}.Release|Any CPU.Build.0 = Release|Any CPU
		{24E82737-EF79-4B86-A824-1BD8A0CA2EF7}.Debug|Any CPU.ActiveCfg = Debug|Any CPU
		{24E82737-EF79-4B86-A824-1BD8A0CA2EF7}.Debug|Any CPU.Build.0 = Debug|Any CPU
		{24E82737-EF79-4B86-A824-1BD8A0CA2EF7}.Release|Any CPU.ActiveCfg = Release|Any CPU
		{24E82737-EF79-4B86-A824-1BD8A0CA2EF7}.Release|Any CPU.Build.0 = Release|Any CPU
		{A56442D8-F1BB-49E4-878E-18E5FF8A9E4B}.Debug|Any CPU.ActiveCfg = Debug|Any CPU
		{A56442D8-F1BB-49E4-878E-18E5FF8A9E4B}.Debug|Any CPU.Build.0 = Debug|Any CPU
		{A56442D8-F1BB-49E4-878E-18E5FF8A9E4B}.Release|Any CPU.ActiveCfg = Release|Any CPU
		{A56442D8-F1BB-49E4-878E-18E5FF8A9E4B}.Release|Any CPU.Build.0 = Release|Any CPU
		{EFD82575-947F-431F-BCC7-941F5A8D1A40}.Debug|Any CPU.ActiveCfg = Debug|Any CPU
		{EFD82575-947F-431F-BCC7-941F5A8D1A40}.Debug|Any CPU.Build.0 = Debug|Any CPU
		{EFD82575-947F-431F-BCC7-941F5A8D1A40}.Release|Any CPU.ActiveCfg = Release|Any CPU
		{EFD82575-947F-431F-BCC7-941F5A8D1A40}.Release|Any CPU.Build.0 = Release|Any CPU
		{E412C0C0-B75D-4700-BBB9-FC1A41347314}.Debug|Any CPU.ActiveCfg = Debug|Any CPU
		{E412C0C0-B75D-4700-BBB9-FC1A41347314}.Debug|Any CPU.Build.0 = Debug|Any CPU
		{E412C0C0-B75D-4700-BBB9-FC1A41347314}.Release|Any CPU.ActiveCfg = Release|Any CPU
		{E412C0C0-B75D-4700-BBB9-FC1A41347314}.Release|Any CPU.Build.0 = Release|Any CPU
	EndGlobalSection
	GlobalSection(SolutionProperties) = preSolution
		HideSolutionNode = FALSE
	EndGlobalSection
	GlobalSection(NestedProjects) = preSolution
		{8CE3808D-A050-44DE-A29F-6FA45AD42ABE} = {5EB9D9DD-06E6-40A4-84C4-AFC9BE7CD41F}
		{75D248DD-8115-44DA-B347-43433E676BCE} = {5EB9D9DD-06E6-40A4-84C4-AFC9BE7CD41F}
		{723110C0-BD0B-4940-8725-E98590AFC84E} = {5EB9D9DD-06E6-40A4-84C4-AFC9BE7CD41F}
		{D8A0DB1D-89C3-4EE6-8073-94F7D002C5BA} = {5EB9D9DD-06E6-40A4-84C4-AFC9BE7CD41F}
		{23BBF893-D298-4905-AFDA-51EFF5CFF33A} = {5EB9D9DD-06E6-40A4-84C4-AFC9BE7CD41F}
		{76330F71-EC91-48DD-80C8-D82FF9C72D9B} = {5EB9D9DD-06E6-40A4-84C4-AFC9BE7CD41F}
		{A22B8FCB-F914-4D9D-9754-05B1AB5F1584} = {5EB9D9DD-06E6-40A4-84C4-AFC9BE7CD41F}
		{9CA9B767-9CCC-4161-B4CA-A1D57CC597DE} = {A22B8FCB-F914-4D9D-9754-05B1AB5F1584}
		{4D30777D-1FF3-40C9-AD89-6B29F4F7D0C6} = {D8A0DB1D-89C3-4EE6-8073-94F7D002C5BA}
		{35138148-6612-4C74-B299-F1CF6AC20096} = {75D248DD-8115-44DA-B347-43433E676BCE}
		{C58A5F0C-F728-4B97-B62C-93D70820E988} = {23BBF893-D298-4905-AFDA-51EFF5CFF33A}
		{A7348735-11AA-4FD0-9989-868AC6202D7C} = {723110C0-BD0B-4940-8725-E98590AFC84E}
		{67B341FC-0C7A-4233-AE8C-3746580517C7} = {76330F71-EC91-48DD-80C8-D82FF9C72D9B}
		{D46443A7-F5EF-4512-A753-DE937CE9F423} = {8CE3808D-A050-44DE-A29F-6FA45AD42ABE}
		{24E82737-EF79-4B86-A824-1BD8A0CA2EF7} = {9826BD7E-9044-4780-B165-5C1BC4C2493A}
		{A56442D8-F1BB-49E4-878E-18E5FF8A9E4B} = {F111823C-582B-4D11-A48E-F7ABCDCEA4AB}
		{EFD82575-947F-431F-BCC7-941F5A8D1A40} = {147F40EE-58F9-4CE2-B7F6-016C57ECE179}
		{E412C0C0-B75D-4700-BBB9-FC1A41347314} = {10643046-3FBB-425A-A21A-EF428E6B048A}
	EndGlobalSection
	GlobalSection(ExtensibilityGlobals) = postSolution
		SolutionGuid = {A184D18E-B859-4567-A424-21FD9BF76CB6}
	EndGlobalSection
EndGlobal
